
Microsoft Visual Studio Solution File, Format Version 12.00
# Visual Studio Version 17
VisualStudioVersion = 17.4.33213.308
MinimumVisualStudioVersion = 10.0.40219.1
Project("{FAE04EC0-301F-11D3-BF4B-00C04F79EFBC}") = "Práctica 4.3 MATH", "Práctica 4.3 MATH.csproj", "{D7F95132-07FF-4E62-8595-A1C7D30A0353}"
EndProject
Global
	GlobalSection(SolutionConfigurationPlatforms) = preSolution
		Debug|Any CPU = Debug|Any CPU
		Release|Any CPU = Release|Any CPU
	EndGlobalSection
	GlobalSection(ProjectConfigurationPlatforms) = postSolution
		{D7F95132-07FF-4E62-8595-A1C7D30A0353}.Debug|Any CPU.ActiveCfg = Debug|Any CPU
		{D7F95132-07FF-4E62-8595-A1C7D30A0353}.Debug|Any CPU.Build.0 = Debug|Any CPU
		{D7F95132-07FF-4E62-8595-A1C7D30A0353}.Release|Any CPU.ActiveCfg = Release|Any CPU
		{D7F95132-07FF-4E62-8595-A1C7D30A0353}.Release|Any CPU.Build.0 = Release|Any CPU
	EndGlobalSection
	GlobalSection(SolutionProperties) = preSolution
		HideSolutionNode = FALSE
	EndGlobalSection
	GlobalSection(ExtensibilityGlobals) = postSolution
		SolutionGuid = {B293FF0F-4828-4C96-B994-B2596C1612C6}
	EndGlobalSection
EndGlobal
